// !$*UTF8*$!
{
	archiveVersion = 1;
	classes = {
	};
	objectVersion = 56;
	objects = {

/* Begin PBXBuildFile section */
		38288E472A94463F00AED829 /* SnapKit in Frameworks */ = {isa = PBXBuildFile; productRef = 38288E462A94463F00AED829 /* SnapKit */; };
		38288E4A2A94468000AED829 /* SnapViewController.swift in Sources */ = {isa = PBXBuildFile; fileRef = 38288E492A94468000AED829 /* SnapViewController.swift */; };
		38288E4E2A945CFE00AED829 /* TextViewController.swift in Sources */ = {isa = PBXBuildFile; fileRef = 38288E4D2A945CFE00AED829 /* TextViewController.swift */; };
		38288E502A94792B00AED829 /* LocationViewController.swift in Sources */ = {isa = PBXBuildFile; fileRef = 38288E4F2A94792B00AED829 /* LocationViewController.swift */; };
		387AF2542A930A180055C29C /* AppDelegate.swift in Sources */ = {isa = PBXBuildFile; fileRef = 387AF2532A930A180055C29C /* AppDelegate.swift */; };
		387AF2562A930A180055C29C /* SceneDelegate.swift in Sources */ = {isa = PBXBuildFile; fileRef = 387AF2552A930A180055C29C /* SceneDelegate.swift */; };
		387AF2582A930A180055C29C /* ViewController.swift in Sources */ = {isa = PBXBuildFile; fileRef = 387AF2572A930A180055C29C /* ViewController.swift */; };
		387AF25B2A930A180055C29C /* Main.storyboard in Resources */ = {isa = PBXBuildFile; fileRef = 387AF2592A930A180055C29C /* Main.storyboard */; };
		387AF25D2A930A190055C29C /* Assets.xcassets in Resources */ = {isa = PBXBuildFile; fileRef = 387AF25C2A930A190055C29C /* Assets.xcassets */; };
		387AF2602A930A190055C29C /* LaunchScreen.storyboard in Resources */ = {isa = PBXBuildFile; fileRef = 387AF25E2A930A190055C29C /* LaunchScreen.storyboard */; };
		387AF26B2A930AA10055C29C /* .gitignore in Resources */ = {isa = PBXBuildFile; fileRef = 387AF26A2A930AA10055C29C /* .gitignore */; };
/* End PBXBuildFile section */

/* Begin PBXFileReference section */
		38288E492A94468000AED829 /* SnapViewController.swift */ = {isa = PBXFileReference; lastKnownFileType = sourcecode.swift; path = SnapViewController.swift; sourceTree = "<group>"; };
		38288E4D2A945CFE00AED829 /* TextViewController.swift */ = {isa = PBXFileReference; lastKnownFileType = sourcecode.swift; path = TextViewController.swift; sourceTree = "<group>"; };
		38288E4F2A94792B00AED829 /* LocationViewController.swift */ = {isa = PBXFileReference; lastKnownFileType = sourcecode.swift; path = LocationViewController.swift; sourceTree = "<group>"; };
		387AF2502A930A180055C29C /* SeSAC3Week6.app */ = {isa = PBXFileReference; explicitFileType = wrapper.application; includeInIndex = 0; path = SeSAC3Week6.app; sourceTree = BUILT_PRODUCTS_DIR; };
		387AF2532A930A180055C29C /* AppDelegate.swift */ = {isa = PBXFileReference; lastKnownFileType = sourcecode.swift; path = AppDelegate.swift; sourceTree = "<group>"; };
		387AF2552A930A180055C29C /* SceneDelegate.swift */ = {isa = PBXFileReference; lastKnownFileType = sourcecode.swift; path = SceneDelegate.swift; sourceTree = "<group>"; };
		387AF2572A930A180055C29C /* ViewController.swift */ = {isa = PBXFileReference; lastKnownFileType = sourcecode.swift; path = ViewController.swift; sourceTree = "<group>"; };
		387AF25A2A930A180055C29C /* Base */ = {isa = PBXFileReference; lastKnownFileType = file.storyboard; name = Base; path = Base.lproj/Main.storyboard; sourceTree = "<group>"; };
		387AF25C2A930A190055C29C /* Assets.xcassets */ = {isa = PBXFileReference; lastKnownFileType = folder.assetcatalog; path = Assets.xcassets; sourceTree = "<group>"; };
		387AF25F2A930A190055C29C /* Base */ = {isa = PBXFileReference; lastKnownFileType = file.storyboard; name = Base; path = Base.lproj/LaunchScreen.storyboard; sourceTree = "<group>"; };
		387AF2612A930A190055C29C /* Info.plist */ = {isa = PBXFileReference; lastKnownFileType = text.plist.xml; path = Info.plist; sourceTree = "<group>"; };
		387AF26A2A930AA10055C29C /* .gitignore */ = {isa = PBXFileReference; lastKnownFileType = text; path = .gitignore; sourceTree = "<group>"; };
/* End PBXFileReference section */

/* Begin PBXFrameworksBuildPhase section */
		387AF24D2A930A180055C29C /* Frameworks */ = {
			isa = PBXFrameworksBuildPhase;
			buildActionMask = 2147483647;
			files = (
				38288E472A94463F00AED829 /* SnapKit in Frameworks */,
			);
			runOnlyForDeploymentPostprocessing = 0;
		};
/* End PBXFrameworksBuildPhase section */

/* Begin PBXGroup section */
		38288E4C2A945CEE00AED829 /* ViewController */ = {
			isa = PBXGroup;
			children = (
				387AF2572A930A180055C29C /* ViewController.swift */,
				38288E492A94468000AED829 /* SnapViewController.swift */,
				38288E4D2A945CFE00AED829 /* TextViewController.swift */,
				38288E4F2A94792B00AED829 /* LocationViewController.swift */,
			);
			path = ViewController;
			sourceTree = "<group>";
		};
		38288E512A949B9300AED829 /* Scene */ = {
			isa = PBXGroup;
			children = (
				387AF2682A930A4A0055C29C /* Storyboard */,
				38288E4C2A945CEE00AED829 /* ViewController */,
			);
			path = Scene;
			sourceTree = "<group>";
		};
		387AF2472A930A180055C29C = {
			isa = PBXGroup;
			children = (
				387AF2522A930A180055C29C /* SeSAC3Week6 */,
				387AF2512A930A180055C29C /* Products */,
			);
			sourceTree = "<group>";
		};
		387AF2512A930A180055C29C /* Products */ = {
			isa = PBXGroup;
			children = (
				387AF2502A930A180055C29C /* SeSAC3Week6.app */,
			);
			name = Products;
			sourceTree = "<group>";
		};
		387AF2522A930A180055C29C /* SeSAC3Week6 */ = {
			isa = PBXGroup;
			children = (
				387AF26A2A930AA10055C29C /* .gitignore */,
				387AF2612A930A190055C29C /* Info.plist */,
				387AF25C2A930A190055C29C /* Assets.xcassets */,
				387AF2672A930A400055C29C /* Application */,
				38288E512A949B9300AED829 /* Scene */,
			);
			path = SeSAC3Week6;
			sourceTree = "<group>";
		};
		387AF2672A930A400055C29C /* Application */ = {
			isa = PBXGroup;
			children = (
				387AF2532A930A180055C29C /* AppDelegate.swift */,
				387AF2552A930A180055C29C /* SceneDelegate.swift */,
			);
			path = Application;
			sourceTree = "<group>";
		};
		387AF2682A930A4A0055C29C /* Storyboard */ = {
			isa = PBXGroup;
			children = (
				387AF2592A930A180055C29C /* Main.storyboard */,
				387AF25E2A930A190055C29C /* LaunchScreen.storyboard */,
			);
			path = Storyboard;
			sourceTree = "<group>";
		};
/* End PBXGroup section */

/* Begin PBXNativeTarget section */
		387AF24F2A930A180055C29C /* SeSAC3Week6 */ = {
			isa = PBXNativeTarget;
			buildConfigurationList = 387AF2642A930A190055C29C /* Build configuration list for PBXNativeTarget "SeSAC3Week6" */;
			buildPhases = (
				387AF24C2A930A180055C29C /* Sources */,
				387AF24D2A930A180055C29C /* Frameworks */,
				387AF24E2A930A180055C29C /* Resources */,
			);
			buildRules = (
			);
			dependencies = (
			);
			name = SeSAC3Week6;
			packageProductDependencies = (
				38288E462A94463F00AED829 /* SnapKit */,
			);
			productName = SeSAC3Week6;
			productReference = 387AF2502A930A180055C29C /* SeSAC3Week6.app */;
			productType = "com.apple.product-type.application";
		};
/* End PBXNativeTarget section */

/* Begin PBXProject section */
		387AF2482A930A180055C29C /* Project object */ = {
			isa = PBXProject;
			attributes = {
				BuildIndependentTargetsInParallel = 1;
				LastSwiftUpdateCheck = 1430;
				LastUpgradeCheck = 1430;
				TargetAttributes = {
					387AF24F2A930A180055C29C = {
						CreatedOnToolsVersion = 14.3.1;
					};
				};
			};
			buildConfigurationList = 387AF24B2A930A180055C29C /* Build configuration list for PBXProject "SeSAC3Week6" */;
			compatibilityVersion = "Xcode 14.0";
			developmentRegion = en;
			hasScannedForEncodings = 0;
			knownRegions = (
				en,
				Base,
			);
			mainGroup = 387AF2472A930A180055C29C;
			packageReferences = (
				38288E452A94463F00AED829 /* XCRemoteSwiftPackageReference "SnapKit" */,
			);
			productRefGroup = 387AF2512A930A180055C29C /* Products */;
			projectDirPath = "";
			projectRoot = "";
			targets = (
				387AF24F2A930A180055C29C /* SeSAC3Week6 */,
			);
		};
/* End PBXProject section */

/* Begin PBXResourcesBuildPhase section */
		387AF24E2A930A180055C29C /* Resources */ = {
			isa = PBXResourcesBuildPhase;
			buildActionMask = 2147483647;
			files = (
				387AF26B2A930AA10055C29C /* .gitignore in Resources */,
				387AF2602A930A190055C29C /* LaunchScreen.storyboard in Resources */,
				387AF25D2A930A190055C29C /* Assets.xcassets in Resources */,
				387AF25B2A930A180055C29C /* Main.storyboard in Resources */,
			);
			runOnlyForDeploymentPostprocessing = 0;
		};
/* End PBXResourcesBuildPhase section */

/* Begin PBXSourcesBuildPhase section */
		387AF24C2A930A180055C29C /* Sources */ = {
			isa = PBXSourcesBuildPhase;
			buildActionMask = 2147483647;
			files = (
				38288E4E2A945CFE00AED829 /* TextViewController.swift in Sources */,
				38288E4A2A94468000AED829 /* SnapViewController.swift in Sources */,
				387AF2582A930A180055C29C /* ViewController.swift in Sources */,
				38288E502A94792B00AED829 /* LocationViewController.swift in Sources */,
				387AF2542A930A180055C29C /* AppDelegate.swift in Sources */,
				387AF2562A930A180055C29C /* SceneDelegate.swift in Sources */,
			);
			runOnlyForDeploymentPostprocessing = 0;
		};
/* End PBXSourcesBuildPhase section */

/* Begin PBXVariantGroup section */
		387AF2592A930A180055C29C /* Main.storyboard */ = {
			isa = PBXVariantGroup;
			children = (
				387AF25A2A930A180055C29C /* Base */,
			);
			name = Main.storyboard;
			sourceTree = "<group>";
		};
		387AF25E2A930A190055C29C /* LaunchScreen.storyboard */ = {
			isa = PBXVariantGroup;
			children = (
				387AF25F2A930A190055C29C /* Base */,
			);
			name = LaunchScreen.storyboard;
			sourceTree = "<group>";
		};
/* End PBXVariantGroup section */

/* Begin XCBuildConfiguration section */
		387AF2622A930A190055C29C /* Debug */ = {
			isa = XCBuildConfiguration;
			buildSettings = {
				ALWAYS_SEARCH_USER_PATHS = NO;
				CLANG_ANALYZER_NONNULL = YES;
				CLANG_ANALYZER_NUMBER_OBJECT_CONVERSION = YES_AGGRESSIVE;
				CLANG_CXX_LANGUAGE_STANDARD = "gnu++20";
				CLANG_ENABLE_MODULES = YES;
				CLANG_ENABLE_OBJC_ARC = YES;
				CLANG_ENABLE_OBJC_WEAK = YES;
				CLANG_WARN_BLOCK_CAPTURE_AUTORELEASING = YES;
				CLANG_WARN_BOOL_CONVERSION = YES;
				CLANG_WARN_COMMA = YES;
				CLANG_WARN_CONSTANT_CONVERSION = YES;
				CLANG_WARN_DEPRECATED_OBJC_IMPLEMENTATIONS = YES;
				CLANG_WARN_DIRECT_OBJC_ISA_USAGE = YES_ERROR;
				CLANG_WARN_DOCUMENTATION_COMMENTS = YES;
				CLANG_WARN_EMPTY_BODY = YES;
				CLANG_WARN_ENUM_CONVERSION = YES;
				CLANG_WARN_INFINITE_RECURSION = YES;
				CLANG_WARN_INT_CONVERSION = YES;
				CLANG_WARN_NON_LITERAL_NULL_CONVERSION = YES;
				CLANG_WARN_OBJC_IMPLICIT_RETAIN_SELF = YES;
				CLANG_WARN_OBJC_LITERAL_CONVERSION = YES;
				CLANG_WARN_OBJC_ROOT_CLASS = YES_ERROR;
				CLANG_WARN_QUOTED_INCLUDE_IN_FRAMEWORK_HEADER = YES;
				CLANG_WARN_RANGE_LOOP_ANALYSIS = YES;
				CLANG_WARN_STRICT_PROTOTYPES = YES;
				CLANG_WARN_SUSPICIOUS_MOVE = YES;
				CLANG_WARN_UNGUARDED_AVAILABILITY = YES_AGGRESSIVE;
				CLANG_WARN_UNREACHABLE_CODE = YES;
				CLANG_WARN__DUPLICATE_METHOD_MATCH = YES;
				COPY_PHASE_STRIP = NO;
				DEBUG_INFORMATION_FORMAT = dwarf;
				ENABLE_STRICT_OBJC_MSGSEND = YES;
				ENABLE_TESTABILITY = YES;
				GCC_C_LANGUAGE_STANDARD = gnu11;
				GCC_DYNAMIC_NO_PIC = NO;
				GCC_NO_COMMON_BLOCKS = YES;
				GCC_OPTIMIZATION_LEVEL = 0;
				GCC_PREPROCESSOR_DEFINITIONS = (
					"DEBUG=1",
					"$(inherited)",
				);
				GCC_WARN_64_TO_32_BIT_CONVERSION = YES;
				GCC_WARN_ABOUT_RETURN_TYPE = YES_ERROR;
				GCC_WARN_UNDECLARED_SELECTOR = YES;
				GCC_WARN_UNINITIALIZED_AUTOS = YES_AGGRESSIVE;
				GCC_WARN_UNUSED_FUNCTION = YES;
				GCC_WARN_UNUSED_VARIABLE = YES;
				IPHONEOS_DEPLOYMENT_TARGET = 16.4;
				MTL_ENABLE_DEBUG_INFO = INCLUDE_SOURCE;
				MTL_FAST_MATH = YES;
				ONLY_ACTIVE_ARCH = YES;
				SDKROOT = iphoneos;
				SWIFT_ACTIVE_COMPILATION_CONDITIONS = DEBUG;
				SWIFT_OPTIMIZATION_LEVEL = "-Onone";
			};
			name = Debug;
		};
		387AF2632A930A190055C29C /* Release */ = {
			isa = XCBuildConfiguration;
			buildSettings = {
				ALWAYS_SEARCH_USER_PATHS = NO;
				CLANG_ANALYZER_NONNULL = YES;
				CLANG_ANALYZER_NUMBER_OBJECT_CONVERSION = YES_AGGRESSIVE;
				CLANG_CXX_LANGUAGE_STANDARD = "gnu++20";
				CLANG_ENABLE_MODULES = YES;
				CLANG_ENABLE_OBJC_ARC = YES;
				CLANG_ENABLE_OBJC_WEAK = YES;
				CLANG_WARN_BLOCK_CAPTURE_AUTORELEASING = YES;
				CLANG_WARN_BOOL_CONVERSION = YES;
				CLANG_WARN_COMMA = YES;
				CLANG_WARN_CONSTANT_CONVERSION = YES;
				CLANG_WARN_DEPRECATED_OBJC_IMPLEMENTATIONS = YES;
				CLANG_WARN_DIRECT_OBJC_ISA_USAGE = YES_ERROR;
				CLANG_WARN_DOCUMENTATION_COMMENTS = YES;
				CLANG_WARN_EMPTY_BODY = YES;
				CLANG_WARN_ENUM_CONVERSION = YES;
				CLANG_WARN_INFINITE_RECURSION = YES;
				CLANG_WARN_INT_CONVERSION = YES;
				CLANG_WARN_NON_LITERAL_NULL_CONVERSION = YES;
				CLANG_WARN_OBJC_IMPLICIT_RETAIN_SELF = YES;
				CLANG_WARN_OBJC_LITERAL_CONVERSION = YES;
				CLANG_WARN_OBJC_ROOT_CLASS = YES_ERROR;
				CLANG_WARN_QUOTED_INCLUDE_IN_FRAMEWORK_HEADER = YES;
				CLANG_WARN_RANGE_LOOP_ANALYSIS = YES;
				CLANG_WARN_STRICT_PROTOTYPES = YES;
				CLANG_WARN_SUSPICIOUS_MOVE = YES;
				CLANG_WARN_UNGUARDED_AVAILABILITY = YES_AGGRESSIVE;
				CLANG_WARN_UNREACHABLE_CODE = YES;
				CLANG_WARN__DUPLICATE_METHOD_MATCH = YES;
				COPY_PHASE_STRIP = NO;
				DEBUG_INFORMATION_FORMAT = "dwarf-with-dsym";
				ENABLE_NS_ASSERTIONS = NO;
				ENABLE_STRICT_OBJC_MSGSEND = YES;
				GCC_C_LANGUAGE_STANDARD = gnu11;
				GCC_NO_COMMON_BLOCKS = YES;
				GCC_WARN_64_TO_32_BIT_CONVERSION = YES;
				GCC_WARN_ABOUT_RETURN_TYPE = YES_ERROR;
				GCC_WARN_UNDECLARED_SELECTOR = YES;
				GCC_WARN_UNINITIALIZED_AUTOS = YES_AGGRESSIVE;
				GCC_WARN_UNUSED_FUNCTION = YES;
				GCC_WARN_UNUSED_VARIABLE = YES;
				IPHONEOS_DEPLOYMENT_TARGET = 16.4;
				MTL_ENABLE_DEBUG_INFO = NO;
				MTL_FAST_MATH = YES;
				SDKROOT = iphoneos;
				SWIFT_COMPILATION_MODE = wholemodule;
				SWIFT_OPTIMIZATION_LEVEL = "-O";
				VALIDATE_PRODUCT = YES;
			};
			name = Release;
		};
		387AF2652A930A190055C29C /* Debug */ = {
			isa = XCBuildConfiguration;
			buildSettings = {
				ASSETCATALOG_COMPILER_APPICON_NAME = AppIcon;
				ASSETCATALOG_COMPILER_GLOBAL_ACCENT_COLOR_NAME = AccentColor;
				CODE_SIGN_STYLE = Automatic;
				CURRENT_PROJECT_VERSION = 1;
				DEVELOPMENT_TEAM = 3UNP2C529F;
				GENERATE_INFOPLIST_FILE = YES;
				INFOPLIST_FILE = SeSAC3Week6/Info.plist;
				INFOPLIST_KEY_UIApplicationSupportsIndirectInputEvents = YES;
				INFOPLIST_KEY_UILaunchStoryboardName = LaunchScreen;
				INFOPLIST_KEY_UIMainStoryboardFile = Main;
				INFOPLIST_KEY_UISupportedInterfaceOrientations = UIInterfaceOrientationPortrait;
				INFOPLIST_KEY_UISupportedInterfaceOrientations_iPad = "UIInterfaceOrientationLandscapeLeft UIInterfaceOrientationLandscapeRight UIInterfaceOrientationPortrait UIInterfaceOrientationPortraitUpsideDown";
				IPHONEOS_DEPLOYMENT_TARGET = 16.0;
				LD_RUNPATH_SEARCH_PATHS = (
					"$(inherited)",
					"@executable_path/Frameworks",
				);
				MARKETING_VERSION = 1.0;
				PRODUCT_BUNDLE_IDENTIFIER = com.andyarchive.SeSAC3Week6;
				PRODUCT_NAME = "$(TARGET_NAME)";
				SUPPORTED_PLATFORMS = "iphoneos iphonesimulator";
				SUPPORTS_MACCATALYST = NO;
				SUPPORTS_MAC_DESIGNED_FOR_IPHONE_IPAD = NO;
				SWIFT_EMIT_LOC_STRINGS = YES;
				SWIFT_VERSION = 5.0;
				TARGETED_DEVICE_FAMILY = 1;
			};
			name = Debug;
		};
		387AF2662A930A190055C29C /* Release */ = {
			isa = XCBuildConfiguration;
			buildSettings = {
				ASSETCATALOG_COMPILER_APPICON_NAME = AppIcon;
				ASSETCATALOG_COMPILER_GLOBAL_ACCENT_COLOR_NAME = AccentColor;
				CODE_SIGN_STYLE = Automatic;
				CURRENT_PROJECT_VERSION = 1;
				DEVELOPMENT_TEAM = 3UNP2C529F;
				GENERATE_INFOPLIST_FILE = YES;
				INFOPLIST_FILE = SeSAC3Week6/Info.plist;
				INFOPLIST_KEY_UIApplicationSupportsIndirectInputEvents = YES;
				INFOPLIST_KEY_UILaunchStoryboardName = LaunchScreen;
				INFOPLIST_KEY_UIMainStoryboardFile = Main;
				INFOPLIST_KEY_UISupportedInterfaceOrientations = UIInterfaceOrientationPortrait;
				INFOPLIST_KEY_UISupportedInterfaceOrientations_iPad = "UIInterfaceOrientationLandscapeLeft UIInterfaceOrientationLandscapeRight UIInterfaceOrientationPortrait UIInterfaceOrientationPortraitUpsideDown";
				IPHONEOS_DEPLOYMENT_TARGET = 16.0;
				LD_RUNPATH_SEARCH_PATHS = (
					"$(inherited)",
					"@executable_path/Frameworks",
				);
				MARKETING_VERSION = 1.0;
				PRODUCT_BUNDLE_IDENTIFIER = com.andyarchive.SeSAC3Week6;
				PRODUCT_NAME = "$(TARGET_NAME)";
				SUPPORTED_PLATFORMS = "iphoneos iphonesimulator";
				SUPPORTS_MACCATALYST = NO;
				SUPPORTS_MAC_DESIGNED_FOR_IPHONE_IPAD = NO;
				SWIFT_EMIT_LOC_STRINGS = YES;
				SWIFT_VERSION = 5.0;
				TARGETED_DEVICE_FAMILY = 1;
			};
			name = Release;
		};
/* End XCBuildConfiguration section */

/* Begin XCConfigurationList section */
		387AF24B2A930A180055C29C /* Build configuration list for PBXProject "SeSAC3Week6" */ = {
			isa = XCConfigurationList;
			buildConfigurations = (
				387AF2622A930A190055C29C /* Debug */,
				387AF2632A930A190055C29C /* Release */,
			);
			defaultConfigurationIsVisible = 0;
			defaultConfigurationName = Release;
		};
		387AF2642A930A190055C29C /* Build configuration list for PBXNativeTarget "SeSAC3Week6" */ = {
			isa = XCConfigurationList;
			buildConfigurations = (
				387AF2652A930A190055C29C /* Debug */,
				387AF2662A930A190055C29C /* Release */,
			);
			defaultConfigurationIsVisible = 0;
			defaultConfigurationName = Release;
		};
/* End XCConfigurationList section */

/* Begin XCRemoteSwiftPackageReference section */
		38288E452A94463F00AED829 /* XCRemoteSwiftPackageReference "SnapKit" */ = {
			isa = XCRemoteSwiftPackageReference;
			repositoryURL = "https://github.com/SnapKit/SnapKit.git";
			requirement = {
				kind = upToNextMajorVersion;
				minimumVersion = 5.0.0;
			};
		};
/* End XCRemoteSwiftPackageReference section */

/* Begin XCSwiftPackageProductDependency section */
		38288E462A94463F00AED829 /* SnapKit */ = {
			isa = XCSwiftPackageProductDependency;
			package = 38288E452A94463F00AED829 /* XCRemoteSwiftPackageReference "SnapKit" */;
			productName = SnapKit;
		};
/* End XCSwiftPackageProductDependency section */
	};
	rootObject = 387AF2482A930A180055C29C /* Project object */;
}
